{
  "name": "pcm-documentation-portal",
  "version": "0.1.0",
  "lockfileVersion": 3,
  "requires": true,
  "packages": {
    "": {
      "name": "pcm-documentation-portal",
      "version": "0.1.0",
      "dependencies": {
        "react": "18.3.1",
        "react-dom": "18.3.1",
        "react-scripts": "5.0.1",
        "web-vitals": "2.1.4"
      },
      "devDependencies": {
        "typescript": "4.9.5"
      }
    },
    "node_modules/react": {
      "version": "18.3.1",
      "resolved": "https://registry.npmjs.org/react/-/react-18.3.1.tgz",
      "integrity": "sha512-wS+hAgJShR0KhZbii+y5wSiMD+cChdzotoDuoladyYW2In9qi2FrChz9QfberNaSYaOIiTp/C0m4XbLWVn41EA=="
    },
    "node_modules/react-dom": {
      "version": "18.3.1",
      "resolved": "https://registry.npmjs.org/react-dom/-/react-dom-18.3.1.tgz",
      "integrity": "sha512-wiqd41XzyV5EGq04tI5UIIBsmekgoTWSTLWpKKvbAr4mxGkqzxn1+4HbANT0WKYD9wXWXjnSv5qyS41zcPvTw=="
    },
    "node_modules/react-scripts": {
      "version": "5.0.1",
      "resolved": "https://registry.npmjs.org/react-scripts/-/react-scripts-5.0.1.tgz",
      "integrity": "sha512-8VAmEm58/4SeEBCbS3MwQYWygG0/Qr8N2e608W8zNL4Kzq/4+gOsc04735fkZDCAe14SM3n4OY008vIc20lpIw=="
    },
    "node_modules/typescript": {
      "version": "4.9.5",
      "resolved": "https://registry.npmjs.org/typescript/-/typescript-4.9.5.tgz",
      "integrity": "sha512-1FXk9E2Hm7DCJx4loeJrMpNvM+I5yCvww/bjI9zWe+DSTttSvtfdq46B8YQtEb9P7kJyH41t78K2JRpmgMHQjg==",
      "dev": true
    },
    "node_modules/web-vitals": {
      "version": "2.1.4",
      "resolved": "https://registry.npmjs.org/web-vitals/-/web-vitals-2.1.4.tgz",
      "integrity": "sha512-srQeleSTKUIsbTSrWEFLgHVYmL8FeJ0E2Yej4b7xAa4a7+cwyS7NqltDt8vLEz42R8S5x5YDasoeWlNxEi0Zw=="
    }
  }
}
