{
  "name": "pcm-documentation-portal",
  "version": "0.1.0",
  "lockfileVersion": 3,
  "requires": true,
  "packages": {
    "": {
      "name": "pcm-documentation-portal",
      "version": "0.1.0",
      "private": true,
      "dependencies": {
        "@testing-library/jest-dom": "^5.17.0",
        "@testing-library/react": "^13.4.0",
        "@testing-library/user-event": "^13.5.0",
        "react": "^18.3.1",
        "react-dom": "^18.3.1",
        "react-scripts": "5.0.1",
        "web-vitals": "^2.1.4",
        "yaml": "^2.9.0"
      },
      "devDependencies": {
        "typescript": "^4.9.5"
      }
    },
    "node_modules/@testing-library/jest-dom": {
      "version": "5.17.0",
      "resolved": "https://registry.npmjs.org/@testing-library/jest-dom/-/jest-dom-5.17.0.tgz",
      "integrity": "sha512-hEqANLKkv6L9VCoZ5gHe0w4w/p0vqPEJPqJqO4r0t5Tq32pqKz0bGm8GCQB9P+Qzs6w9vPPUMxB8dM2ksGvjQ==",
      "dependencies": {
        "@types/dom-matchers": "^1.0.0",
        "@types/jest": "^27.5.2",
        "chalk": "^3.0.0",
        "css": "^3.0.0",
        "css-selector-parser": "^3.0.0",
        "dom-accessibility-api": "^0.5.16"
      }
    },
    "node_modules/@testing-library/react": {
      "version": "13.4.0",
      "resolved": "https://registry.npmjs.org/@testing-library/react/-/react-13.4.0.tgz",
      "integrity": "sha512-sXOGVfqn2TYqR9w0QS+Tr4K9CpqLmtuXUB/6L3YtCVNxl+Bf5HfIYKtj4rE7VmQQ1aPT6DhZmCdXrjBdx3OcA==",
      "dependencies": {
        "@babel/runtime": "^7.12.5",
        "@testing-library/dom": "^9.3.1",
        "@types/react": "^17.0.2"
      }
    },
    "node_modules/@testing-library/user-event": {
      "version": "13.5.0",
      "resolved": "https://registry.npmjs.org/@testing-library/user-event/-/user-event-13.5.0.tgz",
      "integrity": "sha512-5Kwtbo3Y7v7jXc5N5/X9V8UYdKwlJO5xH8MaGSZRnIr4d3H+pYTuZ5Hfgzm+xEgxSgXEwuF1S+nAm+aZrVo6g=="
    },
    "node_modules/react": {
      "version": "18.3.1",
      "resolved": "https://registry.npmjs.org/react/-/react-18.3.1.tgz",
      "integrity": "sha512-wS+hAgJShR0KhZbii+y5wSiMD+cChdzotoDuoladyYW2In9qi2FrChz9QfberNaSYaOIiTp/C0m4XbLWVn41EA==",
      "dependencies": {
        "js-tokens": "^3.0.0 || ^4.0.0"
      }
    },
    "node_modules/react-dom": {
      "version": "18.3.1",
      "resolved": "https://registry.npmjs.org/react-dom/-/react-dom-18.3.1.tgz",
      "integrity": "sha512-wiqd41XzyV5EGq04tI5UIIBsmekgoTWSTLWpKKvbAr4mxGkqzxn1+4HbANT0WKYD9wXWXjnSv5qyS41zcPvTw==",
      "dependencies": {
        "scheduler": "^0.23.2"
      }
    },
    "node_modules/react-scripts": {
      "version": "5.0.1",
      "resolved": "https://registry.npmjs.org/react-scripts/-/react-scripts-5.0.1.tgz",
      "integrity": "sha512-8VAmEm58/4SeEBCbS3MwQYWygG0/Qr8N2e608W8zNL4Kzq/4+gOsc04735fkZDCAe14SM3n4OY008vIc20lpIw=="
    },
    "node_modules/web-vitals": {
      "version": "2.1.4",
      "resolved": "https://registry.npmjs.org/web-vitals/-/web-vitals-2.1.4.tgz",
      "integrity": "sha512-srQeleSTKUIsbTSrWEFLgHVYmL8FeJ0E2Yej4b7xAa4a7+cwyS7NqltDt8vLEz42R8S5x5YDasoeWlNxEi0Zw=="
    },
    "node_modules/yaml": {
      "version": "2.9.0",
      "resolved": "https://registry.npmjs.org/yaml/-/yaml-2.9.0.tgz",
      "integrity": "sha512-hWWRiMjRnfpM8PQnnQhBLjXdGAqNlcmPVjjwBLxF1Q+MvXfLWgmMa0N7LjANcJLhJ9w2W1aHnVnAFqzaHvzQ==",
      "bin": {
        "yaml": "bin/yaml.mjs"
      },
      "engines": {
        "node": ">= 14"
      }
    },
    "node_modules/typescript": {
      "version": "4.9.5",
      "resolved": "https://registry.npmjs.org/typescript/-/typescript-4.9.5.tgz",
      "integrity": "sha512-1FXk9E2Hm7DCJx4loeJrMpNvM+I5yCvww/bjI9zWe+DSTttSvtfdq46B8YQtEb9P7kJyH41t78K2JRpmgMHQjg==",
      "dev": true,
      "bin": {
        "tsc": "bin/tsc",
        "tsserver": "bin/tsserver"
      },
      "engines": {
        "node": ">=4.2.0"
      }
    }
  }
}